<?xml version="1.0" encoding="utf-8"?>
<Project ToolsVersion="4.0" xmlns="http://schemas.microsoft.com/developer/msbuild/2003">
  <ItemGroup>
    <ClCompile Include="..\main.cpp" />
    <ClCompile Include="..\Input\Mouse.cpp">
      <Filter>Input</Filter>
    </ClCompile>
    <ClCompile Include="..\Input\Keyboard.cpp">
      <Filter>Input</Filter>
    </ClCompile>
    <ClCompile Include="..\Window\Empty.cpp">
      <Filter>Window</Filter>
    </ClCompile>
    <ClCompile Include="..\Window\EmptyExternal.cpp">
      <Filter>Window</Filter>
    </ClCompile>
    <ClCompile Include="..\SampleGuide.cpp" />
    <ClCompile Include="..\Input\Joystick.cpp">
      <Filter>Input</Filter>
    </ClCompile>
    <ClCompile Include="..\Sound\Sound.cpp">
      <Filter>Sound</Filter>
    </ClCompile>
    <ClCompile Include="..\Graphics\PostEffect\PostEffect.cpp">
      <Filter>Graphics\PostEffect</Filter>
    </ClCompile>
    <ClCompile Include="..\Graphics\2D\EffectObject2D.cpp">
      <Filter>Graphics\2D</Filter>
    </ClCompile>
    <ClCompile Include="..\ObjectSystem\Object2DComponent.cpp">
      <Filter>ObjectSystem</Filter>
    </ClCompile>
    <ClCompile Include="..\Graphics\2D\TextObject2D.cpp">
      <Filter>Graphics\2D</Filter>
    </ClCompile>
    <ClCompile Include="..\Graphics\2D\TextureObject2D.cpp">
      <Filter>Graphics\2D</Filter>
    </ClCompile>
    <ClCompile Include="..\Graphics\2D\MapObject2D.cpp">
      <Filter>Graphics\2D</Filter>
    </ClCompile>
    <ClCompile Include="..\Graphics\2D\CameraObject2D.cpp">
      <Filter>Graphics\2D</Filter>
    </ClCompile>
    <ClCompile Include="..\ObjectSystem\Transition.cpp">
      <Filter>ObjectSystem</Filter>
    </ClCompile>
  </ItemGroup>
  <ItemGroup>
    <Filter Include="Input">
      <UniqueIdentifier>{2d1f4f61-308e-4f81-adbf-7921ba8ee53e}</UniqueIdentifier>
    </Filter>
    <Filter Include="Window">
      <UniqueIdentifier>{35756864-34d6-43ea-ba04-ee2f1b1e0673}</UniqueIdentifier>
    </Filter>
    <Filter Include="Sound">
      <UniqueIdentifier>{430850be-6470-4f64-ae8a-4edb291f8f18}</UniqueIdentifier>
    </Filter>
    <Filter Include="Graphics">
      <UniqueIdentifier>{fda98404-d5cd-4870-bcd2-7ab7cd7b68d0}</UniqueIdentifier>
    </Filter>
    <Filter Include="Graphics\PostEffect">
      <UniqueIdentifier>{d7f17293-1e97-4c96-8b32-7d0354c56c8c}</UniqueIdentifier>
    </Filter>
    <Filter Include="Graphics\2D">
      <UniqueIdentifier>{66bd8d3a-2abb-4ca1-b2dc-5aa986424124}</UniqueIdentifier>
    </Filter>
    <Filter Include="ObjectSystem">
      <UniqueIdentifier>{f166ded0-24df-46b8-9df6-7a84de854163}</UniqueIdentifier>
    </Filter>
  </ItemGroup>
  <ItemGroup>
    <ClInclude Include="..\Base.h" />
    <ClInclude Include="..\SampleGuide.h" />
  </ItemGroup>
</Project>