<?xml version="1.0" encoding="utf-8"?>
<Project ToolsVersion="4.0" xmlns="http://schemas.microsoft.com/developer/msbuild/2003">
  <ItemGroup>
    <ClCompile Include="..\main.cpp" />
    <ClCompile Include="..\Window\EmptyExternal.cpp">
      <Filter>Window</Filter>
    </ClCompile>
    <ClCompile Include="..\SampleGuide.cpp" />
  </ItemGroup>
  <ItemGroup>
    <Filter Include="Window">
      <UniqueIdentifier>{35756864-34d6-43ea-ba04-ee2f1b1e0673}</UniqueIdentifier>
    </Filter>
  </ItemGroup>
  <ItemGroup>
    <ClInclude Include="..\Base.h" />
    <ClInclude Include="..\SampleGuide.h" />
  </ItemGroup>
</Project>