<?xml version="1.0" encoding="utf-8"?>
<Project ToolsVersion="4.0" xmlns="http://schemas.microsoft.com/developer/msbuild/2003">
  <ItemGroup>
    <ClCompile Include="..\main.cpp" />
    <ClCompile Include="..\Profiler.cpp" />
    <ClCompile Include="..\ObjectSystem\CustomObject.cpp">
      <Filter>ObjectSystem</Filter>
    </ClCompile>
    <ClCompile Include="..\ObjectSystem\Component.cpp">
      <Filter>ObjectSystem</Filter>
    </ClCompile>
    <ClCompile Include="..\Graphics\PostEffect\CustomPostEffect.cpp">
      <Filter>Graphics\PostEffect</Filter>
    </ClCompile>
    <ClCompile Include="..\ObjectSystem\LayerComponent.cpp">
      <Filter>ObjectSystem</Filter>
    </ClCompile>
    <ClCompile Include="..\ObjectSystem\ObjectsMember.cpp">
      <Filter>ObjectSystem</Filter>
    </ClCompile>
    <ClCompile Include="..\ObjectSystem\LayersMember.cpp">
      <Filter>ObjectSystem</Filter>
    </ClCompile>
    <ClCompile Include="..\EngineTest.cpp" />
    <ClCompile Include="..\ObjectSystem\LayerHasNoObject.cpp">
      <Filter>ObjectSystem</Filter>
    </ClCompile>
    <ClCompile Include="..\Graphics\3D\SimpleMesh.cpp">
      <Filter>Graphics\3D</Filter>
    </ClCompile>
    <ClCompile Include="..\ObjectSystem\ParentObject.cpp">
      <Filter>ObjectSystem</Filter>
    </ClCompile>
    <ClCompile Include="..\ObjectSystem\ObjectsFlag.cpp">
      <Filter>ObjectSystem</Filter>
    </ClCompile>
    <ClCompile Include="..\ObjectSystem\LayersFlag.cpp">
      <Filter>ObjectSystem</Filter>
    </ClCompile>
    <ClCompile Include="..\Graphics\3D\Camera3DPostEffect.cpp">
      <Filter>Graphics\3D</Filter>
    </ClCompile>
    <ClCompile Include="..\ObjectSystem\Camera.cpp">
      <Filter>ObjectSystem</Filter>
    </ClCompile>
    <ClCompile Include="..\ObjectSystem\SetSourceOfTexture.cpp">
      <Filter>ObjectSystem</Filter>
    </ClCompile>
    <ClCompile Include="..\PCH\ace.UnitTestEngineCpp.PCH.cpp">
      <Filter>PCH</Filter>
    </ClCompile>
    <ClCompile Include="..\ObjectSystem\CameraAndSetTexture.cpp">
      <Filter>ObjectSystem</Filter>
    </ClCompile>
    <ClCompile Include="..\ObjectSystem\TrasingCamera.cpp">
      <Filter>ObjectSystem</Filter>
    </ClCompile>
    <ClCompile Include="..\EngineGraphics3DTest.cpp" />
    <ClCompile Include="..\Graphics\2D\EffectObject2D.cpp">
      <Filter>Graphics\2D</Filter>
    </ClCompile>
    <ClCompile Include="..\ObjectSystem\SimpleObject2D.cpp">
      <Filter>ObjectSystem</Filter>
    </ClCompile>
    <ClCompile Include="..\Graphics\3D\ModelObject3D.cpp">
      <Filter>Graphics\3D</Filter>
    </ClCompile>
    <ClCompile Include="..\Graphics\2D\TextureObject2D.cpp">
      <Filter>Graphics\2D</Filter>
    </ClCompile>
    <ClCompile Include="..\Graphics\PostEffect\PostEffectLightBloom.cpp">
      <Filter>Graphics\PostEffect</Filter>
    </ClCompile>
    <ClCompile Include="..\Graphics\PostEffect\PostEffectGaussinaBlur.cpp">
      <Filter>Graphics\PostEffect</Filter>
    </ClCompile>
    <ClCompile Include="..\Graphics\PostEffect\PostEffectGrayScale.cpp">
      <Filter>Graphics\PostEffect</Filter>
    </ClCompile>
    <ClCompile Include="..\Graphics\PostEffect\PostEffectSepia.cpp">
      <Filter>Graphics\PostEffect</Filter>
    </ClCompile>
    <ClCompile Include="..\Graphics\3D\EffectObject3D.cpp">
      <Filter>Graphics\3D</Filter>
    </ClCompile>
    <ClCompile Include="..\Graphics\2D\MapObject2D.cpp">
      <Filter>Graphics\2D</Filter>
    </ClCompile>
    <ClCompile Include="..\Graphics\2D\TextObject2D.cpp">
      <Filter>Graphics\2D</Filter>
    </ClCompile>
  </ItemGroup>
  <ItemGroup>
    <Filter Include="ObjectSystem">
      <UniqueIdentifier>{b0d2a106-1fa0-4b67-908d-6e23024a3d42}</UniqueIdentifier>
    </Filter>
    <Filter Include="Graphics">
      <UniqueIdentifier>{e37ab0e0-616a-4a5c-8294-e7e5db3c8750}</UniqueIdentifier>
    </Filter>
    <Filter Include="Graphics\PostEffect">
      <UniqueIdentifier>{d1648162-e090-4da6-a429-ccba9d0b022b}</UniqueIdentifier>
    </Filter>
    <Filter Include="Graphics\3D">
      <UniqueIdentifier>{a3372b94-f4f2-40db-b138-02495256e934}</UniqueIdentifier>
    </Filter>
    <Filter Include="PCH">
      <UniqueIdentifier>{67833557-68d5-4132-add9-56d9aa7eed38}</UniqueIdentifier>
    </Filter>
    <Filter Include="Graphics\2D">
      <UniqueIdentifier>{2c70accc-d708-436f-8ae6-74b4d8a63187}</UniqueIdentifier>
    </Filter>
  </ItemGroup>
  <ItemGroup>
    <ClInclude Include="..\EngineTest.h" />
    <ClInclude Include="..\PCH\ace.UnitTestEngineCpp.PCH.h">
      <Filter>PCH</Filter>
    </ClInclude>
    <ClInclude Include="..\EngineGraphics3DTest.h" />
  </ItemGroup>
</Project>