<?xml version="1.0" encoding="utf-8"?>
<Project ToolsVersion="4.0" xmlns="http://schemas.microsoft.com/developer/msbuild/2003">
  <ItemGroup>
    <ClCompile Include="..\engine\ace.Engine.cpp" />
    <ClCompile Include="..\engine\ObjectSystem\ace.Scene.cpp">
      <Filter>ObjectSystem</Filter>
    </ClCompile>
    <ClCompile Include="..\engine\ObjectSystem\2D\ace.TextureObject2D.cpp">
      <Filter>ObjectSystem\2D</Filter>
    </ClCompile>
    <ClCompile Include="..\engine\ObjectSystem\2D\ace.Layer2D.cpp">
      <Filter>ObjectSystem\2D</Filter>
    </ClCompile>
    <ClCompile Include="..\engine\ObjectSystem\PostEffect\ace.PostEffect.cpp">
      <Filter>ObjectSystem\PostEffect</Filter>
    </ClCompile>
    <ClCompile Include="..\engine\ObjectSystem\PostEffect\ace.PostEffectGrayScale.cpp">
      <Filter>ObjectSystem\PostEffect</Filter>
    </ClCompile>
    <ClCompile Include="..\engine\ObjectSystem\PostEffect\ace.PostEffectSepia.cpp">
      <Filter>ObjectSystem\PostEffect</Filter>
    </ClCompile>
    <ClCompile Include="..\engine\ObjectSystem\Component\ace.SceneComponent.cpp">
      <Filter>ObjectSystem\Component</Filter>
    </ClCompile>
    <ClCompile Include="..\engine\ObjectSystem\ace.Layer.cpp">
      <Filter>ObjectSystem</Filter>
    </ClCompile>
    <ClCompile Include="..\engine\ObjectSystem\2D\ace.Object2D.cpp">
      <Filter>ObjectSystem\2D</Filter>
    </ClCompile>
    <ClCompile Include="..\engine\ObjectSystem\Component\ace.Object2DComponent.cpp">
      <Filter>ObjectSystem\Component</Filter>
    </ClCompile>
    <ClCompile Include="..\engine\ObjectSystem\Component\ace.Layer2DComponent.cpp">
      <Filter>ObjectSystem\Component</Filter>
    </ClCompile>
    <ClCompile Include="..\engine\ObjectSystem\PostEffect\ace.PostEffectGaussianBlur.cpp">
      <Filter>ObjectSystem\PostEffect</Filter>
    </ClCompile>
    <ClCompile Include="..\engine\ObjectSystem\3D\ace.Layer3D.cpp">
      <Filter>ObjectSystem\3D</Filter>
    </ClCompile>
    <ClCompile Include="..\engine\ObjectSystem\3D\ace.CameraObject3D.cpp">
      <Filter>ObjectSystem\3D</Filter>
    </ClCompile>
    <ClCompile Include="..\engine\ObjectSystem\3D\ace.DirectionalLightObject3D.cpp">
      <Filter>ObjectSystem\3D</Filter>
    </ClCompile>
    <ClCompile Include="..\engine\ObjectSystem\3D\ace.Object3D.cpp">
      <Filter>ObjectSystem\3D</Filter>
    </ClCompile>
    <ClCompile Include="..\engine\ObjectSystem\3D\ace.ModelObject3D.cpp">
      <Filter>ObjectSystem\3D</Filter>
    </ClCompile>
    <ClCompile Include="..\engine\ObjectSystem\2D\ace.CameraObject2D.cpp">
      <Filter>ObjectSystem\2D</Filter>
    </ClCompile>
    <ClCompile Include="..\engine\ObjectSystem\3D\ace.EffectObject3D.cpp">
      <Filter>ObjectSystem\3D</Filter>
    </ClCompile>
    <ClCompile Include="..\engine\PCH\ace.Engine.PCH.cpp">
      <Filter>PCH</Filter>
    </ClCompile>
    <ClCompile Include="..\engine\ObjectSystem\2D\ace.EffectObject2D.cpp">
      <Filter>ObjectSystem\2D</Filter>
    </ClCompile>
    <ClCompile Include="..\engine\ObjectSystem\2D\ace.TextObject2D.cpp">
      <Filter>ObjectSystem\2D</Filter>
    </ClCompile>
    <ClCompile Include="..\engine\ObjectSystem\2D\ace.MapObject2D.cpp">
      <Filter>ObjectSystem\2D</Filter>
    </ClCompile>
    <ClCompile Include="..\engine\ObjectSystem\PostEffect\ace.PostEffectLightBloom.cpp">
      <Filter>ObjectSystem\PostEffect</Filter>
    </ClCompile>
    <ClCompile Include="..\engine\ObjectSystem\Transition\ace.Transition.cpp">
      <Filter>ObjectSystem\Transition</Filter>
    </ClCompile>
    <ClCompile Include="..\engine\ObjectSystem\Transition\ace.TransitionFade.cpp">
      <Filter>ObjectSystem\Transition</Filter>
    </ClCompile>
    <ClCompile Include="..\engine\ObjectSystem\3D\ace.MassModelObject3D.cpp">
      <Filter>ObjectSystem\3D</Filter>
    </ClCompile>
    <ClCompile Include="..\engine\ObjectSystem\3D\ace.TerrainObject3D.cpp">
      <Filter>ObjectSystem\3D</Filter>
    </ClCompile>
    <ClCompile Include="..\engine\Shape\ace.Shape.cpp">
      <Filter>Shape</Filter>
    </ClCompile>
    <ClCompile Include="..\engine\ObjectSystem\2D\ace.GeometryObject2D.cpp">
      <Filter>ObjectSystem\2D</Filter>
    </ClCompile>
    <ClCompile Include="..\engine\Shape\ace.ArcShape.cpp">
      <Filter>Shape</Filter>
    </ClCompile>
    <ClCompile Include="..\engine\Shape\ace.CircleShape.cpp">
      <Filter>Shape</Filter>
    </ClCompile>
    <ClCompile Include="..\engine\Shape\ace.LineShape.cpp">
      <Filter>Shape</Filter>
    </ClCompile>
    <ClCompile Include="..\engine\Shape\ace.RectangleShape.cpp">
      <Filter>Shape</Filter>
    </ClCompile>
    <ClCompile Include="..\engine\Shape\ace.TriangleShape.cpp">
      <Filter>Shape</Filter>
    </ClCompile>
    <ClCompile Include="..\engine\Shape\ace.PolygonShape.cpp">
      <Filter>Shape</Filter>
    </ClCompile>
  </ItemGroup>
  <ItemGroup>
    <ClInclude Include="..\engine\ace.CoreToEngine.h" />
    <ClInclude Include="..\engine\ace.Engine.h" />
    <ClInclude Include="..\engine\ObjectSystem\ace.Scene.h">
      <Filter>ObjectSystem</Filter>
    </ClInclude>
    <ClInclude Include="..\engine\ObjectSystem\2D\ace.TextureObject2D.h">
      <Filter>ObjectSystem\2D</Filter>
    </ClInclude>
    <ClInclude Include="..\engine\ObjectSystem\2D\ace.Layer2D.h">
      <Filter>ObjectSystem\2D</Filter>
    </ClInclude>
    <ClInclude Include="..\engine\ObjectSystem\ace.Layer.h">
      <Filter>ObjectSystem</Filter>
    </ClInclude>
    <ClInclude Include="..\engine\ace.Engine.Base.h" />
    <ClInclude Include="..\engine\ObjectSystem\PostEffect\ace.PostEffect.h">
      <Filter>ObjectSystem\PostEffect</Filter>
    </ClInclude>
    <ClInclude Include="..\engine\ObjectSystem\PostEffect\ace.PostEffectGrayScale.h">
      <Filter>ObjectSystem\PostEffect</Filter>
    </ClInclude>
    <ClInclude Include="..\engine\ObjectSystem\PostEffect\ace.PostEffectSepia.h">
      <Filter>ObjectSystem\PostEffect</Filter>
    </ClInclude>
    <ClInclude Include="..\engine\ObjectSystem\Component\ace.SceneComponent.h">
      <Filter>ObjectSystem\Component</Filter>
    </ClInclude>
    <ClInclude Include="..\engine\ObjectSystem\2D\ace.Object2D.h">
      <Filter>ObjectSystem\2D</Filter>
    </ClInclude>
    <ClInclude Include="..\engine\ObjectSystem\Component\ace.Object2DComponent.h">
      <Filter>ObjectSystem\Component</Filter>
    </ClInclude>
    <ClInclude Include="..\engine\ObjectSystem\Component\ace.Layer2DComponent.h">
      <Filter>ObjectSystem\Component</Filter>
    </ClInclude>
    <ClInclude Include="..\engine\ObjectSystem\PostEffect\ace.PostEffectGaussianBlur.h">
      <Filter>ObjectSystem\PostEffect</Filter>
    </ClInclude>
    <ClInclude Include="..\engine\ObjectSystem\3D\ace.Layer3D.h">
      <Filter>ObjectSystem\3D</Filter>
    </ClInclude>
    <ClInclude Include="..\engine\ObjectSystem\3D\ace.CameraObject3D.h">
      <Filter>ObjectSystem\3D</Filter>
    </ClInclude>
    <ClInclude Include="..\engine\ObjectSystem\3D\ace.DirectionalLightObject3D.h">
      <Filter>ObjectSystem\3D</Filter>
    </ClInclude>
    <ClInclude Include="..\engine\ObjectSystem\3D\ace.Object3D.h">
      <Filter>ObjectSystem\3D</Filter>
    </ClInclude>
    <ClInclude Include="..\engine\ObjectSystem\3D\ace.ModelObject3D.h">
      <Filter>ObjectSystem\3D</Filter>
    </ClInclude>
    <ClInclude Include="..\engine\ObjectSystem\2D\ace.CameraObject2D.h">
      <Filter>ObjectSystem\2D</Filter>
    </ClInclude>
    <ClInclude Include="..\engine\ObjectSystem\3D\ace.EffectObject3D.h">
      <Filter>ObjectSystem\3D</Filter>
    </ClInclude>
    <ClInclude Include="..\engine\PCH\ace.Engine.PCH.h">
      <Filter>PCH</Filter>
    </ClInclude>
    <ClInclude Include="..\engine\ObjectSystem\2D\ace.EffectObject2D.h">
      <Filter>ObjectSystem\2D</Filter>
    </ClInclude>
    <ClInclude Include="..\engine\ObjectSystem\2D\ace.TextObject2D.h">
      <Filter>ObjectSystem\2D</Filter>
    </ClInclude>
    <ClInclude Include="..\engine\ObjectSystem\2D\ace.MapObject2D.h">
      <Filter>ObjectSystem\2D</Filter>
    </ClInclude>
    <ClInclude Include="..\engine\ObjectSystem\PostEffect\ace.PostEffectLightBloom.h">
      <Filter>ObjectSystem\PostEffect</Filter>
    </ClInclude>
    <ClInclude Include="..\engine\ObjectSystem\Transition\ace.Transition.h">
      <Filter>ObjectSystem\Transition</Filter>
    </ClInclude>
    <ClInclude Include="..\engine\ObjectSystem\Transition\ace.TransitionFade.h">
      <Filter>ObjectSystem\Transition</Filter>
    </ClInclude>
    <ClInclude Include="..\engine\ObjectSystem\3D\ace.MassModelObject3D.h">
      <Filter>ObjectSystem\3D</Filter>
    </ClInclude>
    <ClInclude Include="..\engine\ObjectSystem\3D\ace.TerrainObject3D.h">
      <Filter>ObjectSystem\3D</Filter>
    </ClInclude>
    <ClInclude Include="..\engine\ObjectSystem\Component\ace.ComponentManager.h">
      <Filter>ObjectSystem\Component</Filter>
    </ClInclude>
    <ClInclude Include="..\engine\ObjectSystem\ace.ContentsManager.h">
      <Filter>ObjectSystem</Filter>
    </ClInclude>
    <ClInclude Include="..\engine\Shape\ace.Shape.h">
      <Filter>Shape</Filter>
    </ClInclude>
    <ClInclude Include="..\engine\ObjectSystem\2D\ace.GeometryObject2D.h">
      <Filter>ObjectSystem\2D</Filter>
    </ClInclude>
    <ClInclude Include="..\engine\Shape\ace.ArcShape.h">
      <Filter>Shape</Filter>
    </ClInclude>
    <ClInclude Include="..\engine\Shape\ace.CircleShape.h">
      <Filter>Shape</Filter>
    </ClInclude>
    <ClInclude Include="..\engine\Shape\ace.LineShape.h">
      <Filter>Shape</Filter>
    </ClInclude>
    <ClInclude Include="..\engine\Shape\ace.RectangleShape.h">
      <Filter>Shape</Filter>
    </ClInclude>
    <ClInclude Include="..\engine\Shape\ace.TriangleShape.h">
      <Filter>Shape</Filter>
    </ClInclude>
    <ClInclude Include="..\engine\Shape\ace.PolygonShape.h">
      <Filter>Shape</Filter>
    </ClInclude>
  </ItemGroup>
  <ItemGroup>
    <Filter Include="ObjectSystem">
      <UniqueIdentifier>{684d8171-279f-4e8b-8d26-41ed74129d7c}</UniqueIdentifier>
    </Filter>
    <Filter Include="ObjectSystem\2D">
      <UniqueIdentifier>{903ffc95-fef7-455f-8e97-81213bdf6fae}</UniqueIdentifier>
    </Filter>
    <Filter Include="ObjectSystem\PostEffect">
      <UniqueIdentifier>{6b69dfbd-bfde-4093-9f63-22baafbf1fe2}</UniqueIdentifier>
    </Filter>
    <Filter Include="ObjectSystem\Component">
      <UniqueIdentifier>{4589e34b-0cf8-413e-8a85-2d31d7631e14}</UniqueIdentifier>
    </Filter>
    <Filter Include="ObjectSystem\3D">
      <UniqueIdentifier>{462828c9-aebb-47eb-8efe-d811aaaf5cee}</UniqueIdentifier>
    </Filter>
    <Filter Include="PCH">
      <UniqueIdentifier>{dc350251-4706-4779-b7e2-fe2e7ac53e8f}</UniqueIdentifier>
    </Filter>
    <Filter Include="ObjectSystem\Transition">
      <UniqueIdentifier>{92c320d5-c099-4101-afee-e9f829c96a16}</UniqueIdentifier>
    </Filter>
    <Filter Include="Shape">
      <UniqueIdentifier>{4a428c16-88a6-48b9-bc88-e3df624b1f17}</UniqueIdentifier>
    </Filter>
  </ItemGroup>
  <ItemGroup>
    <Library Include="..\..\lib\Release\ace_common.lib" />
    <Library Include="..\..\lib\Debug\ace_common.lib" />
  </ItemGroup>
</Project>