
Microsoft Visual Studio Solution File, Format Version 12.00
# Visual Studio 2013
VisualStudioVersion = 12.0.20827.3
MinimumVisualStudioVersion = 10.0.40219.1
Project("{8BC9CEB8-8B4A-11D0-8D11-00A0C91BC942}") = "ace_common", "ace_cpp\msvc\ace_common.vcxproj", "{86542137-F2A1-4152-A16B-5BE71E060DC6}"
EndProject
Project("{8BC9CEB8-8B4A-11D0-8D11-00A0C91BC942}") = "ace_core", "ace_cpp\msvc\ace_core.vcxproj", "{FBA17564-7E7C-4BE0-881E-6223CB6740D6}"
	ProjectSection(ProjectDependencies) = postProject
		{86542137-F2A1-4152-A16B-5BE71E060DC6} = {86542137-F2A1-4152-A16B-5BE71E060DC6}
	EndProjectSection
EndProject
Project("{8BC9CEB8-8B4A-11D0-8D11-00A0C91BC942}") = "ace_engine", "ace_cpp\msvc\ace_engine.vcxproj", "{4BA8DEB7-DD89-4EDB-B6A4-63B9358A02F3}"
	ProjectSection(ProjectDependencies) = postProject
		{86542137-F2A1-4152-A16B-5BE71E060DC6} = {86542137-F2A1-4152-A16B-5BE71E060DC6}
		{FBA17564-7E7C-4BE0-881E-6223CB6740D6} = {FBA17564-7E7C-4BE0-881E-6223CB6740D6}
	EndProjectSection
EndProject
Global
	GlobalSection(SolutionConfigurationPlatforms) = preSolution
		Debug|Win32 = Debug|Win32
		Release|Win32 = Release|Win32
	EndGlobalSection
	GlobalSection(ProjectConfigurationPlatforms) = postSolution
		{86542137-F2A1-4152-A16B-5BE71E060DC6}.Debug|Win32.ActiveCfg = Debug|Win32
		{86542137-F2A1-4152-A16B-5BE71E060DC6}.Debug|Win32.Build.0 = Debug|Win32
		{86542137-F2A1-4152-A16B-5BE71E060DC6}.Release|Win32.ActiveCfg = Release|Win32
		{86542137-F2A1-4152-A16B-5BE71E060DC6}.Release|Win32.Build.0 = Release|Win32
		{FBA17564-7E7C-4BE0-881E-6223CB6740D6}.Debug|Win32.ActiveCfg = Debug|Win32
		{FBA17564-7E7C-4BE0-881E-6223CB6740D6}.Debug|Win32.Build.0 = Debug|Win32
		{FBA17564-7E7C-4BE0-881E-6223CB6740D6}.Release|Win32.ActiveCfg = Release|Win32
		{FBA17564-7E7C-4BE0-881E-6223CB6740D6}.Release|Win32.Build.0 = Release|Win32
		{4BA8DEB7-DD89-4EDB-B6A4-63B9358A02F3}.Debug|Win32.ActiveCfg = Debug|Win32
		{4BA8DEB7-DD89-4EDB-B6A4-63B9358A02F3}.Debug|Win32.Build.0 = Debug|Win32
		{4BA8DEB7-DD89-4EDB-B6A4-63B9358A02F3}.Release|Win32.ActiveCfg = Release|Win32
		{4BA8DEB7-DD89-4EDB-B6A4-63B9358A02F3}.Release|Win32.Build.0 = Release|Win32
	EndGlobalSection
	GlobalSection(SolutionProperties) = preSolution
		HideSolutionNode = FALSE
	EndGlobalSection
EndGlobal
