
Microsoft Visual Studio Solution File, Format Version 12.00
# Visual Studio Express 2013 for Windows Desktop
VisualStudioVersion = 12.0.21005.1
MinimumVisualStudioVersion = 10.0.40219.1
Project("{8BC9CEB8-8B4A-11D0-8D11-00A0C91BC942}") = "FBX2MDL", "FBX2MDL\FBX2MDL.vcxproj", "{33E576D6-6477-4ED1-9C06-4AEC1D777005}"
	ProjectSection(ProjectDependencies) = postProject
		{86542137-F2A1-4152-A16B-5BE71E060DC6} = {86542137-F2A1-4152-A16B-5BE71E060DC6}
		{E500B6B8-E90E-46D7-B6D0-F85388E0D75E} = {E500B6B8-E90E-46D7-B6D0-F85388E0D75E}
	EndProjectSection
EndProject
Project("{8BC9CEB8-8B4A-11D0-8D11-00A0C91BC942}") = "ace_common", "ace_cpp\msvc\ace_common.vcxproj", "{86542137-F2A1-4152-A16B-5BE71E060DC6}"
EndProject
Project("{8BC9CEB8-8B4A-11D0-8D11-00A0C91BC942}") = "ace_tool", "ace_cpp\msvc\ace_tool.vcxproj", "{E500B6B8-E90E-46D7-B6D0-F85388E0D75E}"
EndProject
Global
	GlobalSection(SolutionConfigurationPlatforms) = preSolution
		Debug|Win32 = Debug|Win32
		Release|Win32 = Release|Win32
	EndGlobalSection
	GlobalSection(ProjectConfigurationPlatforms) = postSolution
		{33E576D6-6477-4ED1-9C06-4AEC1D777005}.Debug|Win32.ActiveCfg = Debug|Win32
		{33E576D6-6477-4ED1-9C06-4AEC1D777005}.Debug|Win32.Build.0 = Debug|Win32
		{33E576D6-6477-4ED1-9C06-4AEC1D777005}.Release|Win32.ActiveCfg = Release|Win32
		{33E576D6-6477-4ED1-9C06-4AEC1D777005}.Release|Win32.Build.0 = Release|Win32
		{86542137-F2A1-4152-A16B-5BE71E060DC6}.Debug|Win32.ActiveCfg = Debug|Win32
		{86542137-F2A1-4152-A16B-5BE71E060DC6}.Debug|Win32.Build.0 = Debug|Win32
		{86542137-F2A1-4152-A16B-5BE71E060DC6}.Release|Win32.ActiveCfg = Release|Win32
		{86542137-F2A1-4152-A16B-5BE71E060DC6}.Release|Win32.Build.0 = Release|Win32
		{E500B6B8-E90E-46D7-B6D0-F85388E0D75E}.Debug|Win32.ActiveCfg = Debug|Win32
		{E500B6B8-E90E-46D7-B6D0-F85388E0D75E}.Debug|Win32.Build.0 = Debug|Win32
		{E500B6B8-E90E-46D7-B6D0-F85388E0D75E}.Release|Win32.ActiveCfg = Release|Win32
		{E500B6B8-E90E-46D7-B6D0-F85388E0D75E}.Release|Win32.Build.0 = Release|Win32
	EndGlobalSection
	GlobalSection(SolutionProperties) = preSolution
		HideSolutionNode = FALSE
	EndGlobalSection
EndGlobal
