
Microsoft Visual Studio Solution File, Format Version 12.00
# Visual Studio Version 16
VisualStudioVersion = 16.0.28803.352
MinimumVisualStudioVersion = 10.0.40219.1
Project("{FAE04EC0-301F-11D3-BF4B-00C04F79EFBC}") = "FilePackageGeneratorCore", "FilePackageGenerator\FilePackageGeneratorCore\FilePackageGeneratorCore.csproj", "{67B21C11-7288-4890-8196-67221F74077F}"
EndProject
Project("{FAE04EC0-301F-11D3-BF4B-00C04F79EFBC}") = "FilePackageGenerator.Altseed", "FilePackageGenerator\FilePackageGenerator.Altseed\FilePackageGenerator.Altseed.csproj", "{277005BE-2AA4-43AD-9BD4-8FDA2862BA5C}"
EndProject
Project("{FAE04EC0-301F-11D3-BF4B-00C04F79EFBC}") = "asd_cs", "asd_cs\asd_cs.csproj", "{93FA987A-48B8-45A4-9BAD-8518B2E20A54}"
EndProject
Global
	GlobalSection(SolutionConfigurationPlatforms) = preSolution
		Debug|x64 = Debug|x64
		Debug|x86 = Debug|x86
		Release|x64 = Release|x64
		Release|x86 = Release|x86
	EndGlobalSection
	GlobalSection(ProjectConfigurationPlatforms) = postSolution
		{67B21C11-7288-4890-8196-67221F74077F}.Debug|x64.ActiveCfg = Debug|Any CPU
		{67B21C11-7288-4890-8196-67221F74077F}.Debug|x64.Build.0 = Debug|Any CPU
		{67B21C11-7288-4890-8196-67221F74077F}.Debug|x86.ActiveCfg = Debug|x86
		{67B21C11-7288-4890-8196-67221F74077F}.Debug|x86.Build.0 = Debug|x86
		{67B21C11-7288-4890-8196-67221F74077F}.Release|x64.ActiveCfg = Release|Any CPU
		{67B21C11-7288-4890-8196-67221F74077F}.Release|x64.Build.0 = Release|Any CPU
		{67B21C11-7288-4890-8196-67221F74077F}.Release|x86.ActiveCfg = Release|x86
		{67B21C11-7288-4890-8196-67221F74077F}.Release|x86.Build.0 = Release|x86
		{277005BE-2AA4-43AD-9BD4-8FDA2862BA5C}.Debug|x64.ActiveCfg = Debug|x64
		{277005BE-2AA4-43AD-9BD4-8FDA2862BA5C}.Debug|x64.Build.0 = Debug|x64
		{277005BE-2AA4-43AD-9BD4-8FDA2862BA5C}.Debug|x86.ActiveCfg = Debug|x86
		{277005BE-2AA4-43AD-9BD4-8FDA2862BA5C}.Debug|x86.Build.0 = Debug|x86
		{277005BE-2AA4-43AD-9BD4-8FDA2862BA5C}.Release|x64.ActiveCfg = Release|x64
		{277005BE-2AA4-43AD-9BD4-8FDA2862BA5C}.Release|x64.Build.0 = Release|x64
		{277005BE-2AA4-43AD-9BD4-8FDA2862BA5C}.Release|x86.ActiveCfg = Release|x86
		{277005BE-2AA4-43AD-9BD4-8FDA2862BA5C}.Release|x86.Build.0 = Release|x86
		{93FA987A-48B8-45A4-9BAD-8518B2E20A54}.Debug|x64.ActiveCfg = Debug|Any CPU
		{93FA987A-48B8-45A4-9BAD-8518B2E20A54}.Debug|x64.Build.0 = Debug|Any CPU
		{93FA987A-48B8-45A4-9BAD-8518B2E20A54}.Debug|x86.ActiveCfg = Debug|x86
		{93FA987A-48B8-45A4-9BAD-8518B2E20A54}.Debug|x86.Build.0 = Debug|x86
		{93FA987A-48B8-45A4-9BAD-8518B2E20A54}.Release|x64.ActiveCfg = Release|Any CPU
		{93FA987A-48B8-45A4-9BAD-8518B2E20A54}.Release|x64.Build.0 = Release|Any CPU
		{93FA987A-48B8-45A4-9BAD-8518B2E20A54}.Release|x86.ActiveCfg = Release|x86
		{93FA987A-48B8-45A4-9BAD-8518B2E20A54}.Release|x86.Build.0 = Release|x86
	EndGlobalSection
	GlobalSection(SolutionProperties) = preSolution
		HideSolutionNode = FALSE
	EndGlobalSection
	GlobalSection(ExtensibilityGlobals) = postSolution
		SolutionGuid = {66502A0C-56C0-4EFA-ADAE-E5633CDE792F}
	EndGlobalSection
EndGlobal
