
Microsoft Visual Studio Solution File, Format Version 12.00
# Visual Studio 2013
VisualStudioVersion = 12.0.21005.1
MinimumVisualStudioVersion = 10.0.40219.1
Project("{8BC9CEB8-8B4A-11D0-8D11-00A0C91BC942}") = "FontGeneratorCore", "FontGenerator\FontGeneratorCore\FontGeneratorCore.vcxproj", "{0954C297-511F-4340-9DCD-A37313AE7F15}"
EndProject
Project("{8BC9CEB8-8B4A-11D0-8D11-00A0C91BC942}") = "FontGeneratorTest", "FontGenerator\FontGeneratorTest\FontGeneratorTest.vcxproj", "{DF0DFB2F-5C8D-48E8-B670-A5104F3D2811}"
	ProjectSection(ProjectDependencies) = postProject
		{86542137-F2A1-4152-A16B-5BE71E060DC6} = {86542137-F2A1-4152-A16B-5BE71E060DC6}
	EndProjectSection
EndProject
Project("{8BC9CEB8-8B4A-11D0-8D11-00A0C91BC942}") = "ace_common", "ace_cpp\msvc\ace_common.vcxproj", "{86542137-F2A1-4152-A16B-5BE71E060DC6}"
EndProject
Project("{FAE04EC0-301F-11D3-BF4B-00C04F79EFBC}") = "FontGenerator", "FontGenerator\FontGenerator\FontGenerator.csproj", "{44DE88FC-C5D3-4225-A241-95CF9A4DBC52}"
	ProjectSection(ProjectDependencies) = postProject
		{86542137-F2A1-4152-A16B-5BE71E060DC6} = {86542137-F2A1-4152-A16B-5BE71E060DC6}
		{0954C297-511F-4340-9DCD-A37313AE7F15} = {0954C297-511F-4340-9DCD-A37313AE7F15}
	EndProjectSection
EndProject
Project("{FAE04EC0-301F-11D3-BF4B-00C04F79EFBC}") = "FontGenerator.Model", "FontGenerator\FontGenerator.Model\FontGenerator.Model.csproj", "{A0B8AA62-9A43-4B3E-AC73-A55F10B595F9}"
EndProject
Global
	GlobalSection(SolutionConfigurationPlatforms) = preSolution
		Debug_Test|Any CPU = Debug_Test|Any CPU
		Debug_Test|Mixed Platforms = Debug_Test|Mixed Platforms
		Debug_Test|x86 = Debug_Test|x86
		Debug|Any CPU = Debug|Any CPU
		Debug|Mixed Platforms = Debug|Mixed Platforms
		Debug|x86 = Debug|x86
		Release_Test|Any CPU = Release_Test|Any CPU
		Release_Test|Mixed Platforms = Release_Test|Mixed Platforms
		Release_Test|x86 = Release_Test|x86
		Release|Any CPU = Release|Any CPU
		Release|Mixed Platforms = Release|Mixed Platforms
		Release|x86 = Release|x86
	EndGlobalSection
	GlobalSection(ProjectConfigurationPlatforms) = postSolution
		{0954C297-511F-4340-9DCD-A37313AE7F15}.Debug_Test|Any CPU.ActiveCfg = Debug_DLL|Win32
		{0954C297-511F-4340-9DCD-A37313AE7F15}.Debug_Test|Mixed Platforms.ActiveCfg = Debug_DLL|Win32
		{0954C297-511F-4340-9DCD-A37313AE7F15}.Debug_Test|Mixed Platforms.Build.0 = Debug_DLL|Win32
		{0954C297-511F-4340-9DCD-A37313AE7F15}.Debug_Test|x86.ActiveCfg = Debug_Lib|Win32
		{0954C297-511F-4340-9DCD-A37313AE7F15}.Debug_Test|x86.Build.0 = Debug_Lib|Win32
		{0954C297-511F-4340-9DCD-A37313AE7F15}.Debug|Any CPU.ActiveCfg = Debug_DLL|Win32
		{0954C297-511F-4340-9DCD-A37313AE7F15}.Debug|Mixed Platforms.ActiveCfg = Debug_DLL|Win32
		{0954C297-511F-4340-9DCD-A37313AE7F15}.Debug|Mixed Platforms.Build.0 = Debug_DLL|Win32
		{0954C297-511F-4340-9DCD-A37313AE7F15}.Debug|x86.ActiveCfg = Debug_DLL|Win32
		{0954C297-511F-4340-9DCD-A37313AE7F15}.Debug|x86.Build.0 = Debug_DLL|Win32
		{0954C297-511F-4340-9DCD-A37313AE7F15}.Release_Test|Any CPU.ActiveCfg = Release_DLL|Win32
		{0954C297-511F-4340-9DCD-A37313AE7F15}.Release_Test|Mixed Platforms.ActiveCfg = Release_DLL|Win32
		{0954C297-511F-4340-9DCD-A37313AE7F15}.Release_Test|Mixed Platforms.Build.0 = Release_DLL|Win32
		{0954C297-511F-4340-9DCD-A37313AE7F15}.Release_Test|x86.ActiveCfg = Release_Lib|Win32
		{0954C297-511F-4340-9DCD-A37313AE7F15}.Release_Test|x86.Build.0 = Release_Lib|Win32
		{0954C297-511F-4340-9DCD-A37313AE7F15}.Release|Any CPU.ActiveCfg = Release_DLL|Win32
		{0954C297-511F-4340-9DCD-A37313AE7F15}.Release|Mixed Platforms.ActiveCfg = Release_DLL|Win32
		{0954C297-511F-4340-9DCD-A37313AE7F15}.Release|Mixed Platforms.Build.0 = Release_DLL|Win32
		{0954C297-511F-4340-9DCD-A37313AE7F15}.Release|x86.ActiveCfg = Release_DLL|Win32
		{0954C297-511F-4340-9DCD-A37313AE7F15}.Release|x86.Build.0 = Release_DLL|Win32
		{DF0DFB2F-5C8D-48E8-B670-A5104F3D2811}.Debug_Test|Any CPU.ActiveCfg = Debug|Win32
		{DF0DFB2F-5C8D-48E8-B670-A5104F3D2811}.Debug_Test|Mixed Platforms.ActiveCfg = Debug|Win32
		{DF0DFB2F-5C8D-48E8-B670-A5104F3D2811}.Debug_Test|Mixed Platforms.Build.0 = Debug|Win32
		{DF0DFB2F-5C8D-48E8-B670-A5104F3D2811}.Debug_Test|x86.ActiveCfg = Debug|Win32
		{DF0DFB2F-5C8D-48E8-B670-A5104F3D2811}.Debug_Test|x86.Build.0 = Debug|Win32
		{DF0DFB2F-5C8D-48E8-B670-A5104F3D2811}.Debug|Any CPU.ActiveCfg = Debug|Win32
		{DF0DFB2F-5C8D-48E8-B670-A5104F3D2811}.Debug|Mixed Platforms.ActiveCfg = Debug|Win32
		{DF0DFB2F-5C8D-48E8-B670-A5104F3D2811}.Debug|Mixed Platforms.Build.0 = Debug|Win32
		{DF0DFB2F-5C8D-48E8-B670-A5104F3D2811}.Debug|x86.ActiveCfg = Debug|Win32
		{DF0DFB2F-5C8D-48E8-B670-A5104F3D2811}.Release_Test|Any CPU.ActiveCfg = Release|Win32
		{DF0DFB2F-5C8D-48E8-B670-A5104F3D2811}.Release_Test|Mixed Platforms.ActiveCfg = Release|Win32
		{DF0DFB2F-5C8D-48E8-B670-A5104F3D2811}.Release_Test|Mixed Platforms.Build.0 = Release|Win32
		{DF0DFB2F-5C8D-48E8-B670-A5104F3D2811}.Release_Test|x86.ActiveCfg = Release|Win32
		{DF0DFB2F-5C8D-48E8-B670-A5104F3D2811}.Release_Test|x86.Build.0 = Release|Win32
		{DF0DFB2F-5C8D-48E8-B670-A5104F3D2811}.Release|Any CPU.ActiveCfg = Release|Win32
		{DF0DFB2F-5C8D-48E8-B670-A5104F3D2811}.Release|Mixed Platforms.ActiveCfg = Release|Win32
		{DF0DFB2F-5C8D-48E8-B670-A5104F3D2811}.Release|Mixed Platforms.Build.0 = Release|Win32
		{DF0DFB2F-5C8D-48E8-B670-A5104F3D2811}.Release|x86.ActiveCfg = Release|Win32
		{86542137-F2A1-4152-A16B-5BE71E060DC6}.Debug_Test|Any CPU.ActiveCfg = Debug|Win32
		{86542137-F2A1-4152-A16B-5BE71E060DC6}.Debug_Test|Mixed Platforms.ActiveCfg = Debug|Win32
		{86542137-F2A1-4152-A16B-5BE71E060DC6}.Debug_Test|Mixed Platforms.Build.0 = Debug|Win32
		{86542137-F2A1-4152-A16B-5BE71E060DC6}.Debug_Test|x86.ActiveCfg = Debug|Win32
		{86542137-F2A1-4152-A16B-5BE71E060DC6}.Debug_Test|x86.Build.0 = Debug|Win32
		{86542137-F2A1-4152-A16B-5BE71E060DC6}.Debug|Any CPU.ActiveCfg = Debug|Win32
		{86542137-F2A1-4152-A16B-5BE71E060DC6}.Debug|Mixed Platforms.ActiveCfg = Debug|Win32
		{86542137-F2A1-4152-A16B-5BE71E060DC6}.Debug|Mixed Platforms.Build.0 = Debug|Win32
		{86542137-F2A1-4152-A16B-5BE71E060DC6}.Debug|x86.ActiveCfg = Debug|Win32
		{86542137-F2A1-4152-A16B-5BE71E060DC6}.Debug|x86.Build.0 = Debug|Win32
		{86542137-F2A1-4152-A16B-5BE71E060DC6}.Release_Test|Any CPU.ActiveCfg = Release|Win32
		{86542137-F2A1-4152-A16B-5BE71E060DC6}.Release_Test|Mixed Platforms.ActiveCfg = Release|Win32
		{86542137-F2A1-4152-A16B-5BE71E060DC6}.Release_Test|Mixed Platforms.Build.0 = Release|Win32
		{86542137-F2A1-4152-A16B-5BE71E060DC6}.Release_Test|x86.ActiveCfg = Release|Win32
		{86542137-F2A1-4152-A16B-5BE71E060DC6}.Release_Test|x86.Build.0 = Release|Win32
		{86542137-F2A1-4152-A16B-5BE71E060DC6}.Release|Any CPU.ActiveCfg = Release|Win32
		{86542137-F2A1-4152-A16B-5BE71E060DC6}.Release|Mixed Platforms.ActiveCfg = Release|Win32
		{86542137-F2A1-4152-A16B-5BE71E060DC6}.Release|Mixed Platforms.Build.0 = Release|Win32
		{86542137-F2A1-4152-A16B-5BE71E060DC6}.Release|x86.ActiveCfg = Release|Win32
		{86542137-F2A1-4152-A16B-5BE71E060DC6}.Release|x86.Build.0 = Release|Win32
		{44DE88FC-C5D3-4225-A241-95CF9A4DBC52}.Debug_Test|Any CPU.ActiveCfg = Debug|x86
		{44DE88FC-C5D3-4225-A241-95CF9A4DBC52}.Debug_Test|Mixed Platforms.ActiveCfg = Debug|x86
		{44DE88FC-C5D3-4225-A241-95CF9A4DBC52}.Debug_Test|Mixed Platforms.Build.0 = Debug|x86
		{44DE88FC-C5D3-4225-A241-95CF9A4DBC52}.Debug_Test|x86.ActiveCfg = Debug|x86
		{44DE88FC-C5D3-4225-A241-95CF9A4DBC52}.Debug|Any CPU.ActiveCfg = Debug|x86
		{44DE88FC-C5D3-4225-A241-95CF9A4DBC52}.Debug|Mixed Platforms.ActiveCfg = Debug|x86
		{44DE88FC-C5D3-4225-A241-95CF9A4DBC52}.Debug|Mixed Platforms.Build.0 = Debug|x86
		{44DE88FC-C5D3-4225-A241-95CF9A4DBC52}.Debug|x86.ActiveCfg = Debug|x86
		{44DE88FC-C5D3-4225-A241-95CF9A4DBC52}.Debug|x86.Build.0 = Debug|x86
		{44DE88FC-C5D3-4225-A241-95CF9A4DBC52}.Release_Test|Any CPU.ActiveCfg = Release|x86
		{44DE88FC-C5D3-4225-A241-95CF9A4DBC52}.Release_Test|Mixed Platforms.ActiveCfg = Release|x86
		{44DE88FC-C5D3-4225-A241-95CF9A4DBC52}.Release_Test|Mixed Platforms.Build.0 = Release|x86
		{44DE88FC-C5D3-4225-A241-95CF9A4DBC52}.Release_Test|x86.ActiveCfg = Release|x86
		{44DE88FC-C5D3-4225-A241-95CF9A4DBC52}.Release|Any CPU.ActiveCfg = Release|x86
		{44DE88FC-C5D3-4225-A241-95CF9A4DBC52}.Release|Mixed Platforms.ActiveCfg = Release|x86
		{44DE88FC-C5D3-4225-A241-95CF9A4DBC52}.Release|Mixed Platforms.Build.0 = Release|x86
		{44DE88FC-C5D3-4225-A241-95CF9A4DBC52}.Release|x86.ActiveCfg = Release|x86
		{44DE88FC-C5D3-4225-A241-95CF9A4DBC52}.Release|x86.Build.0 = Release|x86
		{A0B8AA62-9A43-4B3E-AC73-A55F10B595F9}.Debug_Test|Any CPU.ActiveCfg = Debug|Any CPU
		{A0B8AA62-9A43-4B3E-AC73-A55F10B595F9}.Debug_Test|Any CPU.Build.0 = Debug|Any CPU
		{A0B8AA62-9A43-4B3E-AC73-A55F10B595F9}.Debug_Test|Mixed Platforms.ActiveCfg = Debug|Any CPU
		{A0B8AA62-9A43-4B3E-AC73-A55F10B595F9}.Debug_Test|Mixed Platforms.Build.0 = Debug|Any CPU
		{A0B8AA62-9A43-4B3E-AC73-A55F10B595F9}.Debug_Test|x86.ActiveCfg = Debug|Any CPU
		{A0B8AA62-9A43-4B3E-AC73-A55F10B595F9}.Debug|Any CPU.ActiveCfg = Debug|Any CPU
		{A0B8AA62-9A43-4B3E-AC73-A55F10B595F9}.Debug|Any CPU.Build.0 = Debug|Any CPU
		{A0B8AA62-9A43-4B3E-AC73-A55F10B595F9}.Debug|Mixed Platforms.ActiveCfg = Debug|Any CPU
		{A0B8AA62-9A43-4B3E-AC73-A55F10B595F9}.Debug|Mixed Platforms.Build.0 = Debug|Any CPU
		{A0B8AA62-9A43-4B3E-AC73-A55F10B595F9}.Debug|x86.ActiveCfg = Debug|Any CPU
		{A0B8AA62-9A43-4B3E-AC73-A55F10B595F9}.Release_Test|Any CPU.ActiveCfg = Release|Any CPU
		{A0B8AA62-9A43-4B3E-AC73-A55F10B595F9}.Release_Test|Any CPU.Build.0 = Release|Any CPU
		{A0B8AA62-9A43-4B3E-AC73-A55F10B595F9}.Release_Test|Mixed Platforms.ActiveCfg = Release|Any CPU
		{A0B8AA62-9A43-4B3E-AC73-A55F10B595F9}.Release_Test|Mixed Platforms.Build.0 = Release|Any CPU
		{A0B8AA62-9A43-4B3E-AC73-A55F10B595F9}.Release_Test|x86.ActiveCfg = Release|Any CPU
		{A0B8AA62-9A43-4B3E-AC73-A55F10B595F9}.Release|Any CPU.ActiveCfg = Release|Any CPU
		{A0B8AA62-9A43-4B3E-AC73-A55F10B595F9}.Release|Any CPU.Build.0 = Release|Any CPU
		{A0B8AA62-9A43-4B3E-AC73-A55F10B595F9}.Release|Mixed Platforms.ActiveCfg = Release|Any CPU
		{A0B8AA62-9A43-4B3E-AC73-A55F10B595F9}.Release|Mixed Platforms.Build.0 = Release|Any CPU
		{A0B8AA62-9A43-4B3E-AC73-A55F10B595F9}.Release|x86.ActiveCfg = Release|Any CPU
	EndGlobalSection
	GlobalSection(SolutionProperties) = preSolution
		HideSolutionNode = FALSE
	EndGlobalSection
EndGlobal
