
Microsoft Visual Studio Solution File, Format Version 12.00
# Visual Studio Version 16
VisualStudioVersion = 16.0.28803.202
MinimumVisualStudioVersion = 10.0.40219.1
Project("{FAE04EC0-301F-11D3-BF4B-00C04F79EFBC}") = "unitTest_Engine_cs", "unitTest_Engine_cs\unitTest_Engine_cs.csproj", "{52FE739B-810C-4837-B917-25000D7E1988}"
	ProjectSection(ProjectDependencies) = postProject
		{86542137-F2A1-4152-A16B-5BE71E060DC6} = {86542137-F2A1-4152-A16B-5BE71E060DC6}
		{FBA17564-7E7C-4BE0-881E-6223CB6740D6} = {FBA17564-7E7C-4BE0-881E-6223CB6740D6}
		{93FA987A-48B8-45A4-9BAD-8518B2E20A54} = {93FA987A-48B8-45A4-9BAD-8518B2E20A54}
	EndProjectSection
EndProject
Project("{FAE04EC0-301F-11D3-BF4B-00C04F79EFBC}") = "asd_cs", "asd_cs\asd_cs.csproj", "{93FA987A-48B8-45A4-9BAD-8518B2E20A54}"
	ProjectSection(ProjectDependencies) = postProject
		{86542137-F2A1-4152-A16B-5BE71E060DC6} = {86542137-F2A1-4152-A16B-5BE71E060DC6}
		{FBA17564-7E7C-4BE0-881E-6223CB6740D6} = {FBA17564-7E7C-4BE0-881E-6223CB6740D6}
	EndProjectSection
EndProject
Project("{8BC9CEB8-8B4A-11D0-8D11-00A0C91BC942}") = "asd_core", "asd_cpp\msvc\asd_core.vcxproj", "{FBA17564-7E7C-4BE0-881E-6223CB6740D6}"
	ProjectSection(ProjectDependencies) = postProject
		{E500B6B8-E90E-46D7-B6D0-F85388E0D75E} = {E500B6B8-E90E-46D7-B6D0-F85388E0D75E}
	EndProjectSection
EndProject
Project("{8BC9CEB8-8B4A-11D0-8D11-00A0C91BC942}") = "asd_common", "asd_cpp\msvc\asd_common.vcxproj", "{86542137-F2A1-4152-A16B-5BE71E060DC6}"
EndProject
Project("{8BC9CEB8-8B4A-11D0-8D11-00A0C91BC942}") = "asd_tool", "asd_cpp\msvc\asd_tool.vcxproj", "{E500B6B8-E90E-46D7-B6D0-F85388E0D75E}"
	ProjectSection(ProjectDependencies) = postProject
		{86542137-F2A1-4152-A16B-5BE71E060DC6} = {86542137-F2A1-4152-A16B-5BE71E060DC6}
	EndProjectSection
EndProject
Global
	GlobalSection(SolutionConfigurationPlatforms) = preSolution
		Debug|Any CPU = Debug|Any CPU
		Debug|x86 = Debug|x86
		Release|Any CPU = Release|Any CPU
		Release|x86 = Release|x86
	EndGlobalSection
	GlobalSection(ProjectConfigurationPlatforms) = postSolution
		{52FE739B-810C-4837-B917-25000D7E1988}.Debug|Any CPU.ActiveCfg = Debug|x86
		{52FE739B-810C-4837-B917-25000D7E1988}.Debug|Any CPU.Build.0 = Debug|x86
		{52FE739B-810C-4837-B917-25000D7E1988}.Debug|x86.ActiveCfg = Debug|x86
		{52FE739B-810C-4837-B917-25000D7E1988}.Debug|x86.Build.0 = Debug|x86
		{52FE739B-810C-4837-B917-25000D7E1988}.Release|Any CPU.ActiveCfg = Release|Any CPU
		{52FE739B-810C-4837-B917-25000D7E1988}.Release|Any CPU.Build.0 = Release|Any CPU
		{52FE739B-810C-4837-B917-25000D7E1988}.Release|x86.ActiveCfg = Release|x86
		{52FE739B-810C-4837-B917-25000D7E1988}.Release|x86.Build.0 = Release|x86
		{93FA987A-48B8-45A4-9BAD-8518B2E20A54}.Debug|Any CPU.ActiveCfg = Debug|x86
		{93FA987A-48B8-45A4-9BAD-8518B2E20A54}.Debug|Any CPU.Build.0 = Debug|x86
		{93FA987A-48B8-45A4-9BAD-8518B2E20A54}.Debug|x86.ActiveCfg = Debug|x86
		{93FA987A-48B8-45A4-9BAD-8518B2E20A54}.Debug|x86.Build.0 = Debug|x86
		{93FA987A-48B8-45A4-9BAD-8518B2E20A54}.Release|Any CPU.ActiveCfg = Release|Any CPU
		{93FA987A-48B8-45A4-9BAD-8518B2E20A54}.Release|Any CPU.Build.0 = Release|Any CPU
		{93FA987A-48B8-45A4-9BAD-8518B2E20A54}.Release|x86.ActiveCfg = Release|x86
		{93FA987A-48B8-45A4-9BAD-8518B2E20A54}.Release|x86.Build.0 = Release|x86
		{FBA17564-7E7C-4BE0-881E-6223CB6740D6}.Debug|Any CPU.ActiveCfg = Debug|Win32
		{FBA17564-7E7C-4BE0-881E-6223CB6740D6}.Debug|Any CPU.Build.0 = Debug|Win32
		{FBA17564-7E7C-4BE0-881E-6223CB6740D6}.Debug|x86.ActiveCfg = Debug|Win32
		{FBA17564-7E7C-4BE0-881E-6223CB6740D6}.Debug|x86.Build.0 = Debug|Win32
		{FBA17564-7E7C-4BE0-881E-6223CB6740D6}.Release|Any CPU.ActiveCfg = Release|x64
		{FBA17564-7E7C-4BE0-881E-6223CB6740D6}.Release|Any CPU.Build.0 = Release|x64
		{FBA17564-7E7C-4BE0-881E-6223CB6740D6}.Release|x86.ActiveCfg = Release|Win32
		{FBA17564-7E7C-4BE0-881E-6223CB6740D6}.Release|x86.Build.0 = Release|Win32
		{86542137-F2A1-4152-A16B-5BE71E060DC6}.Debug|Any CPU.ActiveCfg = Debug|Win32
		{86542137-F2A1-4152-A16B-5BE71E060DC6}.Debug|Any CPU.Build.0 = Debug|Win32
		{86542137-F2A1-4152-A16B-5BE71E060DC6}.Debug|x86.ActiveCfg = Debug|Win32
		{86542137-F2A1-4152-A16B-5BE71E060DC6}.Debug|x86.Build.0 = Debug|Win32
		{86542137-F2A1-4152-A16B-5BE71E060DC6}.Release|Any CPU.ActiveCfg = Release|x64
		{86542137-F2A1-4152-A16B-5BE71E060DC6}.Release|Any CPU.Build.0 = Release|x64
		{86542137-F2A1-4152-A16B-5BE71E060DC6}.Release|x86.ActiveCfg = Release|Win32
		{86542137-F2A1-4152-A16B-5BE71E060DC6}.Release|x86.Build.0 = Release|Win32
		{E500B6B8-E90E-46D7-B6D0-F85388E0D75E}.Debug|Any CPU.ActiveCfg = Debug|Win32
		{E500B6B8-E90E-46D7-B6D0-F85388E0D75E}.Debug|Any CPU.Build.0 = Debug|Win32
		{E500B6B8-E90E-46D7-B6D0-F85388E0D75E}.Debug|x86.ActiveCfg = Debug|Win32
		{E500B6B8-E90E-46D7-B6D0-F85388E0D75E}.Debug|x86.Build.0 = Debug|Win32
		{E500B6B8-E90E-46D7-B6D0-F85388E0D75E}.Release|Any CPU.ActiveCfg = Release|x64
		{E500B6B8-E90E-46D7-B6D0-F85388E0D75E}.Release|Any CPU.Build.0 = Release|x64
		{E500B6B8-E90E-46D7-B6D0-F85388E0D75E}.Release|x86.ActiveCfg = Release|Win32
		{E500B6B8-E90E-46D7-B6D0-F85388E0D75E}.Release|x86.Build.0 = Release|Win32
	EndGlobalSection
	GlobalSection(SolutionProperties) = preSolution
		HideSolutionNode = FALSE
	EndGlobalSection
	GlobalSection(ExtensibilityGlobals) = postSolution
		SolutionGuid = {B992281A-3D8A-4C6B-A7BE-C2D134D41479}
	EndGlobalSection
EndGlobal
