
Microsoft Visual Studio Solution File, Format Version 12.00
# Visual Studio 2013
VisualStudioVersion = 12.0.21005.1
MinimumVisualStudioVersion = 10.0.40219.1
Project("{8BC9CEB8-8B4A-11D0-8D11-00A0C91BC942}") = "FontGeneratorCore", "FontGeneratorCore\FontGeneratorCore.vcxproj", "{0954C297-511F-4340-9DCD-A37313AE7F15}"
EndProject
Project("{8BC9CEB8-8B4A-11D0-8D11-00A0C91BC942}") = "FontGeneratorTest", "FontGeneratorTest\FontGeneratorTest.vcxproj", "{DF0DFB2F-5C8D-48E8-B670-A5104F3D2811}"
	ProjectSection(ProjectDependencies) = postProject
		{86542137-F2A1-4152-A16B-5BE71E060DC6} = {86542137-F2A1-4152-A16B-5BE71E060DC6}
	EndProjectSection
EndProject
Project("{8BC9CEB8-8B4A-11D0-8D11-00A0C91BC942}") = "ace_common", "..\ace_cpp\msvc\ace_common.vcxproj", "{86542137-F2A1-4152-A16B-5BE71E060DC6}"
EndProject
Global
	GlobalSection(SolutionConfigurationPlatforms) = preSolution
		Debug_Lib|Win32 = Debug_Lib|Win32
		Debug|Win32 = Debug|Win32
		Release_Lib|Win32 = Release_Lib|Win32
		Release|Win32 = Release|Win32
	EndGlobalSection
	GlobalSection(ProjectConfigurationPlatforms) = postSolution
		{0954C297-511F-4340-9DCD-A37313AE7F15}.Debug_Lib|Win32.ActiveCfg = Debug|Win32
		{0954C297-511F-4340-9DCD-A37313AE7F15}.Debug_Lib|Win32.Build.0 = Debug|Win32
		{0954C297-511F-4340-9DCD-A37313AE7F15}.Debug|Win32.ActiveCfg = Debug|Win32
		{0954C297-511F-4340-9DCD-A37313AE7F15}.Debug|Win32.Build.0 = Debug|Win32
		{0954C297-511F-4340-9DCD-A37313AE7F15}.Release_Lib|Win32.ActiveCfg = Release|Win32
		{0954C297-511F-4340-9DCD-A37313AE7F15}.Release_Lib|Win32.Build.0 = Release|Win32
		{0954C297-511F-4340-9DCD-A37313AE7F15}.Release|Win32.ActiveCfg = Release|Win32
		{0954C297-511F-4340-9DCD-A37313AE7F15}.Release|Win32.Build.0 = Release|Win32
		{DF0DFB2F-5C8D-48E8-B670-A5104F3D2811}.Debug_Lib|Win32.ActiveCfg = Debug|Win32
		{DF0DFB2F-5C8D-48E8-B670-A5104F3D2811}.Debug_Lib|Win32.Build.0 = Debug|Win32
		{DF0DFB2F-5C8D-48E8-B670-A5104F3D2811}.Debug|Win32.ActiveCfg = Debug|Win32
		{DF0DFB2F-5C8D-48E8-B670-A5104F3D2811}.Debug|Win32.Build.0 = Debug|Win32
		{DF0DFB2F-5C8D-48E8-B670-A5104F3D2811}.Release_Lib|Win32.ActiveCfg = Release|Win32
		{DF0DFB2F-5C8D-48E8-B670-A5104F3D2811}.Release_Lib|Win32.Build.0 = Release|Win32
		{DF0DFB2F-5C8D-48E8-B670-A5104F3D2811}.Release|Win32.ActiveCfg = Release|Win32
		{DF0DFB2F-5C8D-48E8-B670-A5104F3D2811}.Release|Win32.Build.0 = Release|Win32
		{86542137-F2A1-4152-A16B-5BE71E060DC6}.Debug_Lib|Win32.ActiveCfg = Debug|Win32
		{86542137-F2A1-4152-A16B-5BE71E060DC6}.Debug_Lib|Win32.Build.0 = Debug|Win32
		{86542137-F2A1-4152-A16B-5BE71E060DC6}.Debug|Win32.ActiveCfg = Debug|Win32
		{86542137-F2A1-4152-A16B-5BE71E060DC6}.Debug|Win32.Build.0 = Debug|Win32
		{86542137-F2A1-4152-A16B-5BE71E060DC6}.Release_Lib|Win32.ActiveCfg = Release|Win32
		{86542137-F2A1-4152-A16B-5BE71E060DC6}.Release_Lib|Win32.Build.0 = Release|Win32
		{86542137-F2A1-4152-A16B-5BE71E060DC6}.Release|Win32.ActiveCfg = Release|Win32
		{86542137-F2A1-4152-A16B-5BE71E060DC6}.Release|Win32.Build.0 = Release|Win32
	EndGlobalSection
	GlobalSection(SolutionProperties) = preSolution
		HideSolutionNode = FALSE
	EndGlobalSection
EndGlobal
