<?xml version="1.0" encoding="utf-8"?>
<Project ToolsVersion="4.0" xmlns="http://schemas.microsoft.com/developer/msbuild/2003">
  <ItemGroup>
    <ClCompile Include="main.cpp" />
    <ClCompile Include="FBX2MDL.FBXExporter.cpp" />
    <ClCompile Include="FBX2MDL.FBXImporter.cpp" />
  </ItemGroup>
  <ItemGroup>
    <ClInclude Include="FBX2MDL.Base.h" />
    <ClInclude Include="FBX2MDL.FBXExporter.h" />
    <ClInclude Include="FBX2MDL.FBXImporter.h" />
  </ItemGroup>
</Project>