<?xml version="1.0" encoding="utf-8"?>
<Project ToolsVersion="4.0" xmlns="http://schemas.microsoft.com/developer/msbuild/2003">
  <ItemGroup>
    <ClCompile Include="Animation.cpp" />
    <ClCompile Include="Deformer.cpp" />
    <ClCompile Include="main.cpp" />
    <ClCompile Include="MDLExporter.cpp" />
    <ClCompile Include="MeshLoader.cpp" />
    <ClCompile Include="FBX2MDL.Mesh.cpp" />
    <ClCompile Include="FBX2MDL.FBXLoader.cpp" />
  </ItemGroup>
  <ItemGroup>
    <ClInclude Include="Animation.h" />
    <ClInclude Include="Deformer.h" />
    <ClInclude Include="Material.h" />
    <ClInclude Include="MDLExporter.h" />
    <ClInclude Include="Mesh.h" />
    <ClInclude Include="MeshLoader.h" />
    <ClInclude Include="FBX2MDL.Base.h" />
    <ClInclude Include="FBX2MDL.Mesh.h" />
    <ClInclude Include="FBX2MDL.FBXLoader.h" />
  </ItemGroup>
</Project>