<?xml version="1.0" encoding="utf-8"?>
<Project ToolsVersion="4.0" xmlns="http://schemas.microsoft.com/developer/msbuild/2003">
  <ItemGroup>
    <ClCompile Include="..\main.cpp" />
    <ClCompile Include="..\SampleGuide.cpp" />
    <ClCompile Include="..\ImagePackageUI\ImagePackageUI_AlphaBlend.cpp">
      <Filter>ImagePackageUI</Filter>
    </ClCompile>
    <ClCompile Include="..\ImagePackageUI\ImagePackageUI_Basic.cpp">
      <Filter>ImagePackageUI</Filter>
    </ClCompile>
    <ClCompile Include="..\ImagePackageUI\ImagePackageUI_Component.cpp">
      <Filter>ImagePackageUI</Filter>
    </ClCompile>
    <ClCompile Include="..\Pause\Pause_Basic.cpp">
      <Filter>Pause</Filter>
    </ClCompile>
    <ClCompile Include="..\CustomPostEffect\CustomPostEffect_Invert.cpp">
      <Filter>CustomPostEffect</Filter>
    </ClCompile>
    <ClCompile Include="..\CustomPostEffect\CustomPostEffect_Mosaic.cpp">
      <Filter>CustomPostEffect</Filter>
    </ClCompile>
    <ClCompile Include="..\MapObject2D\MapObject2D_Camera.cpp">
      <Filter>MapObject2D</Filter>
    </ClCompile>
    <ClCompile Include="..\MapObject2D\MapObject2D_Basic.cpp">
      <Filter>MapObject2D</Filter>
    </ClCompile>
  </ItemGroup>
  <ItemGroup>
    <ClInclude Include="..\Base.h" />
    <ClInclude Include="..\SampleGuide.h" />
  </ItemGroup>
  <ItemGroup>
    <Filter Include="ImagePackageUI">
      <UniqueIdentifier>{a2a30226-1660-443e-8e8f-173ece6e1075}</UniqueIdentifier>
    </Filter>
    <Filter Include="Pause">
      <UniqueIdentifier>{84003216-7d5a-4ba4-a7c2-56c99b7b8078}</UniqueIdentifier>
    </Filter>
    <Filter Include="CustomPostEffect">
      <UniqueIdentifier>{76939825-c475-42bf-8ffe-865ee886f783}</UniqueIdentifier>
    </Filter>
    <Filter Include="MapObject2D">
      <UniqueIdentifier>{018f0c8c-26bf-46f6-94e4-4702c5065e6b}</UniqueIdentifier>
    </Filter>
  </ItemGroup>
</Project>