
Microsoft Visual Studio Solution File, Format Version 12.00
# Visual Studio 2015
VisualStudioVersion = 12.0.20617.1 PREVIEW
MinimumVisualStudioVersion = 10.0.40219.1
Project("{FAE04EC0-301F-11D3-BF4B-00C04F79EFBC}") = "sample_cs", "sample_cs\sample_cs.csproj", "{1A5DA807-93EC-4566-BA95-778D20F3C47C}"
EndProject
Global
	GlobalSection(SolutionConfigurationPlatforms) = preSolution
		Debug|x86 = Debug|x86
		Release|x86 = Release|x86
	EndGlobalSection
	GlobalSection(ProjectConfigurationPlatforms) = postSolution
		{1A5DA807-93EC-4566-BA95-778D20F3C47C}.Debug|x86.ActiveCfg = Debug|x86
		{1A5DA807-93EC-4566-BA95-778D20F3C47C}.Debug|x86.Build.0 = Debug|x86
		{1A5DA807-93EC-4566-BA95-778D20F3C47C}.Release|x86.ActiveCfg = Release|x86
		{1A5DA807-93EC-4566-BA95-778D20F3C47C}.Release|x86.Build.0 = Release|x86
	EndGlobalSection
	GlobalSection(SolutionProperties) = preSolution
		HideSolutionNode = FALSE
	EndGlobalSection
EndGlobal
