<?xml version="1.0" encoding="utf-8"?>
<Project ToolsVersion="4.0" xmlns="http://schemas.microsoft.com/developer/msbuild/2003">
  <ItemGroup>
    <ClCompile Include="..\main.cpp" />
    <ClCompile Include="..\SampleGuide.cpp" />
    <ClCompile Include="..\Basic\Basic_Empty.cpp">
      <Filter>Basic</Filter>
    </ClCompile>
    <ClCompile Include="..\PostEffect\PostEffect_GaussianBlur.cpp">
      <Filter>PostEffect</Filter>
    </ClCompile>
    <ClCompile Include="..\PostEffect\PostEffect_GrayScale.cpp">
      <Filter>PostEffect</Filter>
    </ClCompile>
    <ClCompile Include="..\PostEffect\PostEffect_LightBloom.cpp">
      <Filter>PostEffect</Filter>
    </ClCompile>
    <ClCompile Include="..\PostEffect\PostEffect_Sepia.cpp">
      <Filter>PostEffect</Filter>
    </ClCompile>
    <ClCompile Include="..\Transition\Transition_Fade.cpp">
      <Filter>Transition</Filter>
    </ClCompile>
    <ClCompile Include="..\SceneAndLayer\SceneAndLayer_Basic.cpp">
      <Filter>SceneAndLayer</Filter>
    </ClCompile>
    <ClCompile Include="..\Joystick\Joystick_Basic.cpp">
      <Filter>Joystick</Filter>
    </ClCompile>
    <ClCompile Include="..\Mouse\Mouse_State.cpp">
      <Filter>Mouse</Filter>
    </ClCompile>
    <ClCompile Include="..\Mouse\Mouse_Position.cpp">
      <Filter>Mouse</Filter>
    </ClCompile>
    <ClCompile Include="..\Mouse\Mouse_Click.cpp">
      <Filter>Mouse</Filter>
    </ClCompile>
    <ClCompile Include="..\Mouse\Mouse_Wheel.cpp">
      <Filter>Mouse</Filter>
    </ClCompile>
    <ClCompile Include="..\Joystick\Joystick_Axis.cpp">
      <Filter>Joystick</Filter>
    </ClCompile>
    <ClCompile Include="..\Collision\Collision2D_Basic.cpp">
      <Filter>Collision</Filter>
    </ClCompile>
    <ClCompile Include="..\Collision\Collision2D_Geometries.cpp">
      <Filter>Collision</Filter>
    </ClCompile>
    <ClCompile Include="..\Keyboard\Keyboard_Basic.cpp">
      <Filter>Keyboard</Filter>
    </ClCompile>
    <ClCompile Include="..\Keyboard\Keyboard_SingularKey.cpp">
      <Filter>Keyboard</Filter>
    </ClCompile>
    <ClCompile Include="..\Keyboard\Keyboard_PuralKeys.cpp">
      <Filter>Keyboard</Filter>
    </ClCompile>
    <ClCompile Include="..\GeometryObject2D\GeometryObject2D_PolygonShape.cpp">
      <Filter>GeometryObject2D</Filter>
    </ClCompile>
    <ClCompile Include="..\GeometryObject2D\GeometryObject2D_PolygonShape_Textured.cpp">
      <Filter>GeometryObject2D</Filter>
    </ClCompile>
    <ClCompile Include="..\GeometryObject2D\GeometryObject2D_RectangleShape.cpp">
      <Filter>GeometryObject2D</Filter>
    </ClCompile>
    <ClCompile Include="..\GeometryObject2D\GeometryObject2D_ArcShape.cpp">
      <Filter>GeometryObject2D</Filter>
    </ClCompile>
    <ClCompile Include="..\GeometryObject2D\GeometryObject2D_CircleShape.cpp">
      <Filter>GeometryObject2D</Filter>
    </ClCompile>
    <ClCompile Include="..\TextObject2D\TextObject2D_Filtered.cpp">
      <Filter>TextObject2D</Filter>
    </ClCompile>
    <ClCompile Include="..\TextObject2D\TextObject2D_Rotate.cpp">
      <Filter>TextObject2D</Filter>
    </ClCompile>
    <ClCompile Include="..\TextureObject2D\TextureObject2D_Transform.cpp">
      <Filter>TextureObject2D</Filter>
    </ClCompile>
    <ClCompile Include="..\TextureObject2D\TextureObject2D_Turn.cpp">
      <Filter>TextureObject2D</Filter>
    </ClCompile>
    <ClCompile Include="..\TextureObject2D\TextureObject2D_Src.cpp">
      <Filter>TextureObject2D</Filter>
    </ClCompile>
    <ClCompile Include="..\Sound\Sound_SE.cpp">
      <Filter>Sound</Filter>
    </ClCompile>
    <ClCompile Include="..\Sound\Sound_BGM.cpp">
      <Filter>Sound</Filter>
    </ClCompile>
    <ClCompile Include="..\Sound\Sound_Loop.cpp">
      <Filter>Sound</Filter>
    </ClCompile>
    <ClCompile Include="..\CameraObject2D\CameraObject2D_Basic.cpp">
      <Filter>CameraObject2D</Filter>
    </ClCompile>
    <ClCompile Include="..\CameraObject2D\CameraObject2D_Magnify.cpp">
      <Filter>CameraObject2D</Filter>
    </ClCompile>
    <ClCompile Include="..\TextObject2D\TextObject2D_Basic.cpp">
      <Filter>TextObject2D</Filter>
    </ClCompile>
    <ClCompile Include="..\TextObject2D\TextObject2D_DynamicFont.cpp">
      <Filter>TextObject2D</Filter>
    </ClCompile>
    <ClCompile Include="..\TextureObject2D\TextureObject2D_Basic.cpp">
      <Filter>TextureObject2D</Filter>
    </ClCompile>
    <ClCompile Include="..\EffectObject2D\EffectObject2D_Basic.cpp">
      <Filter>EffectObject2D</Filter>
    </ClCompile>
    <ClCompile Include="..\Object2DComponent\Object2DComponent_Custom.cpp">
      <Filter>Object2DComponent</Filter>
    </ClCompile>
    <ClCompile Include="..\File\File_StreamFile.cpp">
      <Filter>File</Filter>
    </ClCompile>
    <ClCompile Include="..\File\File_StaticFile.cpp">
      <Filter>File</Filter>
    </ClCompile>
    <ClCompile Include="..\File\File_RootDirectory.cpp">
      <Filter>File</Filter>
    </ClCompile>
    <ClCompile Include="..\File\File_PackFile.cpp">
      <Filter>File</Filter>
    </ClCompile>
  </ItemGroup>
  <ItemGroup>
    <ClInclude Include="..\Base.h" />
    <ClInclude Include="..\SampleGuide.h" />
  </ItemGroup>
  <ItemGroup>
    <Filter Include="Basic">
      <UniqueIdentifier>{b2f3d6d8-7bb8-4f33-9b4e-33f3af9a98c0}</UniqueIdentifier>
    </Filter>
    <Filter Include="PostEffect">
      <UniqueIdentifier>{091077bb-1323-4249-a00a-2ba442be22b1}</UniqueIdentifier>
    </Filter>
    <Filter Include="Collision">
      <UniqueIdentifier>{d01c1f5a-ced4-4a71-ad1a-609be2db3ab1}</UniqueIdentifier>
    </Filter>
    <Filter Include="Sound">
      <UniqueIdentifier>{54ea716b-ad5b-4a27-8861-b56e373fc18e}</UniqueIdentifier>
    </Filter>
    <Filter Include="Transition">
      <UniqueIdentifier>{65bdb158-e8e1-4dbb-80b7-20d1d757d438}</UniqueIdentifier>
    </Filter>
    <Filter Include="SceneAndLayer">
      <UniqueIdentifier>{b2f17f43-5c26-456e-be6f-68e8ef7390ad}</UniqueIdentifier>
    </Filter>
    <Filter Include="Joystick">
      <UniqueIdentifier>{dbf2a1cf-8ecb-4022-bc05-580c170967d6}</UniqueIdentifier>
    </Filter>
    <Filter Include="Keyboard">
      <UniqueIdentifier>{0fb1f27d-9cf8-4aed-9e5d-8c0fe06128be}</UniqueIdentifier>
    </Filter>
    <Filter Include="Mouse">
      <UniqueIdentifier>{1d7642fa-4093-4c94-bd1b-529291be9402}</UniqueIdentifier>
    </Filter>
    <Filter Include="CameraObject2D">
      <UniqueIdentifier>{f52ae619-8dd4-45e7-85e2-7cf29400b1af}</UniqueIdentifier>
    </Filter>
    <Filter Include="EffectObject2D">
      <UniqueIdentifier>{00a269ef-eff9-4b67-9e71-64f5f907f1c5}</UniqueIdentifier>
    </Filter>
    <Filter Include="GeometryObject2D">
      <UniqueIdentifier>{b388ffce-9424-4e2f-a6ed-a373349bcf2e}</UniqueIdentifier>
    </Filter>
    <Filter Include="Object2DComponent">
      <UniqueIdentifier>{abc6138d-9bcf-42a5-975e-a7fccc3b18eb}</UniqueIdentifier>
    </Filter>
    <Filter Include="TextObject2D">
      <UniqueIdentifier>{dfe041de-7791-4fee-8a4a-3a8275b4072c}</UniqueIdentifier>
    </Filter>
    <Filter Include="TextureObject2D">
      <UniqueIdentifier>{f6a26967-5aeb-4665-a586-f1f06a66f99a}</UniqueIdentifier>
    </Filter>
    <Filter Include="File">
      <UniqueIdentifier>{7c06980e-2377-4635-8d44-dff23a331aa6}</UniqueIdentifier>
    </Filter>
  </ItemGroup>
</Project>