<?xml version="1.0" encoding="utf-8"?>
<Project ToolsVersion="4.0" xmlns="http://schemas.microsoft.com/developer/msbuild/2003">
  <ItemGroup>
    <ClCompile Include="..\Basic\Basic_Empty.cpp" />
    <ClCompile Include="..\CameraObject2D\CameraObject2D.cpp" />
    <ClCompile Include="..\Collision\Collision2D.cpp" />
    <ClCompile Include="..\GeometryObject2D\Geometry2D_ArcShape.cpp" />
    <ClCompile Include="..\GeometryObject2D\Geometry2D_PolygonShape.cpp" />
    <ClCompile Include="..\GeometryObject2D\Geometry2D_RectangleShape.cpp" />
    <ClCompile Include="..\Graphics\2D\EffectObject2D.cpp" />
    <ClCompile Include="..\Graphics\2D\ImagePackage.cpp" />
    <ClCompile Include="..\Input\Joystick.cpp" />
    <ClCompile Include="..\Input\Keyboard.cpp" />
    <ClCompile Include="..\Input\Mouse.cpp" />
    <ClCompile Include="..\main.cpp" />
    <ClCompile Include="..\MapObject2D\MapObject2D_Camera.cpp" />
    <ClCompile Include="..\MapObject2D\MapObject2D_Simple.cpp" />
    <ClCompile Include="..\ObjectSystem\Object2DComponent.cpp" />
    <ClCompile Include="..\ObjectSystem\Transition.cpp" />
    <ClCompile Include="..\PostEffect\PostEffect_GaussianBlur.cpp" />
    <ClCompile Include="..\PostEffect\PostEffect_GrayScale.cpp" />
    <ClCompile Include="..\PostEffect\PostEffect_LightBloom.cpp" />
    <ClCompile Include="..\PostEffect\PostEffect_Sepia.cpp" />
    <ClCompile Include="..\SampleGuide.cpp" />
    <ClCompile Include="..\Sound\Sound.cpp" />
    <ClCompile Include="..\TextObject2D\TextObject2D_Filtered.cpp" />
    <ClCompile Include="..\TextObject2D\TextObject2D_Rotate.cpp" />
    <ClCompile Include="..\TextObject2D\TextObject2D_Simple.cpp" />
    <ClCompile Include="..\TextureObject2D\TextureObject2D_Simple.cpp" />
    <ClCompile Include="..\TextureObject2D\TextureObject2D_Src.cpp" />
    <ClCompile Include="..\TextureObject2D\TextureObject2D_Transform.cpp" />
    <ClCompile Include="..\TextureObject2D\TextureObject2D_Turn.cpp" />
  </ItemGroup>
  <ItemGroup>
    <ClInclude Include="..\Base.h" />
    <ClInclude Include="..\SampleGuide.h" />
  </ItemGroup>
</Project>