<?xml version="1.0" encoding="utf-8"?>
<Project ToolsVersion="4.0" xmlns="http://schemas.microsoft.com/developer/msbuild/2003">
  <ItemGroup>
    <Filter Include="Rendering">
      <UniqueIdentifier>{ce548656-e42d-4fd7-bf98-db696b32b83b}</UniqueIdentifier>
    </Filter>
  </ItemGroup>
  <ItemGroup>
    <ClInclude Include="Rendering\Color.h">
      <Filter>Rendering</Filter>
    </ClInclude>
    <ClInclude Include="Rendering\Font.h">
      <Filter>Rendering</Filter>
    </ClInclude>
    <ClInclude Include="Rendering\Glyph.h">
      <Filter>Rendering</Filter>
    </ClInclude>
    <ClInclude Include="Rendering\GlyphWithBorder.h">
      <Filter>Rendering</Filter>
    </ClInclude>
    <ClInclude Include="Rendering\Setting.h">
      <Filter>Rendering</Filter>
    </ClInclude>
    <ClInclude Include="Rendering\SettingForRendering.h">
      <Filter>Rendering</Filter>
    </ClInclude>
    <ClInclude Include="FontData.h" />
    <ClInclude Include="Generator.h" />
    <ClInclude Include="PngGenerator.h" />
    <ClInclude Include="ResultOfGeneratingPng.h" />
    <ClInclude Include="utility.h" />
  </ItemGroup>
  <ItemGroup>
    <ClCompile Include="Rendering\Color.cpp">
      <Filter>Rendering</Filter>
    </ClCompile>
    <ClCompile Include="Rendering\Font.cpp">
      <Filter>Rendering</Filter>
    </ClCompile>
    <ClCompile Include="Rendering\Glyph.cpp">
      <Filter>Rendering</Filter>
    </ClCompile>
    <ClCompile Include="Rendering\GlyphWithBorder.cpp">
      <Filter>Rendering</Filter>
    </ClCompile>
    <ClCompile Include="Rendering\SettingForRendering.cpp">
      <Filter>Rendering</Filter>
    </ClCompile>
    <ClCompile Include="FontData.cpp" />
    <ClCompile Include="Generator.cpp" />
    <ClCompile Include="PngGenerator.cpp" />
  </ItemGroup>
</Project>