<?xml version="1.0" encoding="utf-8"?>
<Project ToolsVersion="4.0" xmlns="http://schemas.microsoft.com/developer/msbuild/2003">
  <ItemGroup>
    <Filter Include="Graphics">
      <UniqueIdentifier>{7036fd16-6a29-4ad1-b89a-53a02191c916}</UniqueIdentifier>
    </Filter>
    <Filter Include="Graphics\3D">
      <UniqueIdentifier>{c2f34220-619f-4744-bd93-7f42a068a92f}</UniqueIdentifier>
    </Filter>
    <Filter Include="NKF">
      <UniqueIdentifier>{cc46fd32-dc34-41ae-9fd9-a02317b284f0}</UniqueIdentifier>
    </Filter>
    <Filter Include="Font">
      <UniqueIdentifier>{20cc93e6-238f-444f-a44a-1e7ddeb84de3}</UniqueIdentifier>
    </Filter>
  </ItemGroup>
  <ItemGroup>
    <ClInclude Include="..\tool\Graphics\3D\asd.MassModel_IO.h">
      <Filter>Graphics\3D</Filter>
    </ClInclude>
    <ClInclude Include="..\tool\Graphics\3D\asd.Model_IO.h">
      <Filter>Graphics\3D</Filter>
    </ClInclude>
    <ClInclude Include="..\tool\NKF\utf8tbl.h">
      <Filter>NKF</Filter>
    </ClInclude>
    <ClInclude Include="..\tool\NKF\config.h">
      <Filter>NKF</Filter>
    </ClInclude>
    <ClInclude Include="..\tool\NKF\nkf.h">
      <Filter>NKF</Filter>
    </ClInclude>
    <ClInclude Include="..\tool\Font\asd.FontRasterizer.h">
      <Filter>Font</Filter>
    </ClInclude>
    <ClInclude Include="..\tool\Font\asd.InstalledFontList.h">
      <Filter>Font</Filter>
    </ClInclude>
  </ItemGroup>
  <ItemGroup>
    <ClCompile Include="..\tool\Graphics\3D\asd.Model_IO.cpp">
      <Filter>Graphics\3D</Filter>
    </ClCompile>
    <ClCompile Include="..\tool\Graphics\3D\asd.MassModel_IO.cpp">
      <Filter>Graphics\3D</Filter>
    </ClCompile>
    <ClCompile Include="..\tool\NKF\utf8tbl.c">
      <Filter>NKF</Filter>
    </ClCompile>
    <ClCompile Include="..\tool\NKF\nkf.c">
      <Filter>NKF</Filter>
    </ClCompile>
    <ClCompile Include="..\tool\Font\asd.FontRasterizer.cpp">
      <Filter>Font</Filter>
    </ClCompile>
    <ClCompile Include="..\tool\Font\asd.InstalledFontList.cpp">
      <Filter>Font</Filter>
    </ClCompile>
  </ItemGroup>
</Project>